
Microsoft Visual Studio Solution File, Format Version 12.00
# Visual Studio 15
VisualStudioVersion = 15.0.27004.2005
MinimumVisualStudioVersion = 10.0.40219.1
Project("{FAE04EC0-301F-11D3-BF4B-00C04F79EFBC}") = "MovieDBLab29", "MovieDBLab29\MovieDBLab29.csproj", "{13F297D3-F6CC-4DC1-A6DB-A9B2F47E0398}"
EndProject
Global
	GlobalSection(SolutionConfigurationPlatforms) = preSolution
		Debug|Any CPU = Debug|Any CPU
		Release|Any CPU = Release|Any CPU
	EndGlobalSection
	GlobalSection(ProjectConfigurationPlatforms) = postSolution
		{13F297D3-F6CC-4DC1-A6DB-A9B2F47E0398}.Debug|Any CPU.ActiveCfg = Debug|Any CPU
		{13F297D3-F6CC-4DC1-A6DB-A9B2F47E0398}.Debug|Any CPU.Build.0 = Debug|Any CPU
		{13F297D3-F6CC-4DC1-A6DB-A9B2F47E0398}.Release|Any CPU.ActiveCfg = Release|Any CPU
		{13F297D3-F6CC-4DC1-A6DB-A9B2F47E0398}.Release|Any CPU.Build.0 = Release|Any CPU
	EndGlobalSection
	GlobalSection(SolutionProperties) = preSolution
		HideSolutionNode = FALSE
	EndGlobalSection
	GlobalSection(ExtensibilityGlobals) = postSolution
		SolutionGuid = {C217BE61-EDB3-4517-96E4-4BD1E586F8D9}
	EndGlobalSection
EndGlobal
